
Microsoft Visual Studio Solution File, Format Version 12.00
# Visual Studio for Mac
Project("{FAE04EC0-301F-11D3-BF4B-00C04F79EFBC}") = "Assembly-CSharp", "Assembly-CSharp.csproj", "{F397AC69-25D2-123A-9E92-DAB9306F8502}"
EndProject
Global
	GlobalSection(SolutionConfigurationPlatforms) = preSolution
		Debug|Any CPU = Debug|Any CPU
		Release|Any CPU = Release|Any CPU
	EndGlobalSection
	GlobalSection(ProjectConfigurationPlatforms) = postSolution
		{F397AC69-25D2-123A-9E92-DAB9306F8502}.Debug|Any CPU.ActiveCfg = Debug|Any CPU
		{F397AC69-25D2-123A-9E92-DAB9306F8502}.Debug|Any CPU.Build.0 = Debug|Any CPU
		{F397AC69-25D2-123A-9E92-DAB9306F8502}.Release|Any CPU.ActiveCfg = Release|Any CPU
		{F397AC69-25D2-123A-9E92-DAB9306F8502}.Release|Any CPU.Build.0 = Release|Any CPU
	EndGlobalSection
	GlobalSection(SolutionProperties) = preSolution
		HideSolutionNode = FALSE
	EndGlobalSection
EndGlobal
